// !$*UTF8*$!
{
	archiveVersion = 1;
	classes = {
	};
	objectVersion = 46;
	objects = {

/* Begin PBXBuildFile section */
		5E4F057C1CC4BB250004FD1F /* AppDelegate.swift in Sources */ = {isa = PBXBuildFile; fileRef = 5E4F057B1CC4BB250004FD1F /* AppDelegate.swift */; };
		5E4F05801CC4BB250004FD1F /* GameScene.swift in Sources */ = {isa = PBXBuildFile; fileRef = 5E4F057F1CC4BB250004FD1F /* GameScene.swift */; };
		5E4F05821CC4BB250004FD1F /* GameViewController.swift in Sources */ = {isa = PBXBuildFile; fileRef = 5E4F05811CC4BB250004FD1F /* GameViewController.swift */; };
		5E4F05851CC4BB250004FD1F /* Main.storyboard in Resources */ = {isa = PBXBuildFile; fileRef = 5E4F05831CC4BB250004FD1F /* Main.storyboard */; };
		5E4F05871CC4BB250004FD1F /* Assets.xcassets in Resources */ = {isa = PBXBuildFile; fileRef = 5E4F05861CC4BB250004FD1F /* Assets.xcassets */; };
		5E4F058A1CC4BB250004FD1F /* LaunchScreen.storyboard in Resources */ = {isa = PBXBuildFile; fileRef = 5E4F05881CC4BB250004FD1F /* LaunchScreen.storyboard */; };
		5EF886241CC4C13900AB03ED /* Sounds in Resources */ = {isa = PBXBuildFile; fileRef = 5EF886221CC4C13900AB03ED /* Sounds */; };
		5EF886251CC4C13900AB03ED /* sprites.atlas in Resources */ = {isa = PBXBuildFile; fileRef = 5EF886231CC4C13900AB03ED /* sprites.atlas */; };
/* End PBXBuildFile section */

/* Begin PBXFileReference section */
		5E4F05781CC4BB250004FD1F /* SpriteKitgameSimpleSven.app */ = {isa = PBXFileReference; explicitFileType = wrapper.application; includeInIndex = 0; path = SpriteKitgameSimpleSven.app; sourceTree = BUILT_PRODUCTS_DIR; };
		5E4F057B1CC4BB250004FD1F /* AppDelegate.swift */ = {isa = PBXFileReference; lastKnownFileType = sourcecode.swift; path = AppDelegate.swift; sourceTree = "<group>"; };
		5E4F057F1CC4BB250004FD1F /* GameScene.swift */ = {isa = PBXFileReference; lastKnownFileType = sourcecode.swift; path = GameScene.swift; sourceTree = "<group>"; };
		5E4F05811CC4BB250004FD1F /* GameViewController.swift */ = {isa = PBXFileReference; lastKnownFileType = sourcecode.swift; path = GameViewController.swift; sourceTree = "<group>"; };
		5E4F05841CC4BB250004FD1F /* Base */ = {isa = PBXFileReference; lastKnownFileType = file.storyboard; name = Base; path = Base.lproj/Main.storyboard; sourceTree = "<group>"; };
		5E4F05861CC4BB250004FD1F /* Assets.xcassets */ = {isa = PBXFileReference; lastKnownFileType = folder.assetcatalog; path = Assets.xcassets; sourceTree = "<group>"; };
		5E4F05891CC4BB250004FD1F /* Base */ = {isa = PBXFileReference; lastKnownFileType = file.storyboard; name = Base; path = Base.lproj/LaunchScreen.storyboard; sourceTree = "<group>"; };
		5E4F058B1CC4BB250004FD1F /* Info.plist */ = {isa = PBXFileReference; lastKnownFileType = text.plist.xml; path = Info.plist; sourceTree = "<group>"; };
		5EF886221CC4C13900AB03ED /* Sounds */ = {isa = PBXFileReference; lastKnownFileType = folder; path = Sounds; sourceTree = "<group>"; };
		5EF886231CC4C13900AB03ED /* sprites.atlas */ = {isa = PBXFileReference; lastKnownFileType = folder.skatlas; path = sprites.atlas; sourceTree = "<group>"; };
/* End PBXFileReference section */

/* Begin PBXFrameworksBuildPhase section */
		5E4F05751CC4BB250004FD1F /* Frameworks */ = {
			isa = PBXFrameworksBuildPhase;
			buildActionMask = 2147483647;
			files = (
			);
			runOnlyForDeploymentPostprocessing = 0;
		};
/* End PBXFrameworksBuildPhase section */

/* Begin PBXGroup section */
		5E4F056F1CC4BB250004FD1F = {
			isa = PBXGroup;
			children = (
				5E4F057A1CC4BB250004FD1F /* SpriteKitgameSimpleSven */,
				5E4F05791CC4BB250004FD1F /* Products */,
			);
			sourceTree = "<group>";
		};
		5E4F05791CC4BB250004FD1F /* Products */ = {
			isa = PBXGroup;
			children = (
				5E4F05781CC4BB250004FD1F /* SpriteKitgameSimpleSven.app */,
			);
			name = Products;
			sourceTree = "<group>";
		};
		5E4F057A1CC4BB250004FD1F /* SpriteKitgameSimpleSven */ = {
			isa = PBXGroup;
			children = (
				5E4F057B1CC4BB250004FD1F /* AppDelegate.swift */,
				5E4F057F1CC4BB250004FD1F /* GameScene.swift */,
				5E4F05811CC4BB250004FD1F /* GameViewController.swift */,
				5E4F05831CC4BB250004FD1F /* Main.storyboard */,
				5E4F05861CC4BB250004FD1F /* Assets.xcassets */,
				5E4F05881CC4BB250004FD1F /* LaunchScreen.storyboard */,
				5E4F058B1CC4BB250004FD1F /* Info.plist */,
				5EF886221CC4C13900AB03ED /* Sounds */,
				5EF886231CC4C13900AB03ED /* sprites.atlas */,
			);
			path = SpriteKitgameSimpleSven;
			sourceTree = "<group>";
		};
/* End PBXGroup section */

/* Begin PBXNativeTarget section */
		5E4F05771CC4BB250004FD1F /* SpriteKitgameSimpleSven */ = {
			isa = PBXNativeTarget;
			buildConfigurationList = 5E4F058E1CC4BB250004FD1F /* Build configuration list for PBXNativeTarget "SpriteKitgameSimpleSven" */;
			buildPhases = (
				5E4F05741CC4BB250004FD1F /* Sources */,
				5E4F05751CC4BB250004FD1F /* Frameworks */,
				5E4F05761CC4BB250004FD1F /* Resources */,
			);
			buildRules = (
			);
			dependencies = (
			);
			name = SpriteKitgameSimpleSven;
			productName = SpriteKitgameSimpleSven;
			productReference = 5E4F05781CC4BB250004FD1F /* SpriteKitgameSimpleSven.app */;
			productType = "com.apple.product-type.application";
		};
/* End PBXNativeTarget section */

/* Begin PBXProject section */
		5E4F05701CC4BB250004FD1F /* Project object */ = {
			isa = PBXProject;
			attributes = {
				LastSwiftUpdateCheck = 0730;
				LastUpgradeCheck = 0730;
				ORGANIZATIONNAME = SvenHenke;
				TargetAttributes = {
					5E4F05771CC4BB250004FD1F = {
						CreatedOnToolsVersion = 7.3;
					};
				};
			};
			buildConfigurationList = 5E4F05731CC4BB250004FD1F /* Build configuration list for PBXProject "SpriteKitgameSimpleSven" */;
			compatibilityVersion = "Xcode 3.2";
			developmentRegion = English;
			hasScannedForEncodings = 0;
			knownRegions = (
				en,
				Base,
			);
			mainGroup = 5E4F056F1CC4BB250004FD1F;
			productRefGroup = 5E4F05791CC4BB250004FD1F /* Products */;
			projectDirPath = "";
			projectRoot = "";
			targets = (
				5E4F05771CC4BB250004FD1F /* SpriteKitgameSimpleSven */,
			);
		};
/* End PBXProject section */

/* Begin PBXResourcesBuildPhase section */
		5E4F05761CC4BB250004FD1F /* Resources */ = {
			isa = PBXResourcesBuildPhase;
			buildActionMask = 2147483647;
			files = (
				5EF886251CC4C13900AB03ED /* sprites.atlas in Resources */,
				5E4F058A1CC4BB250004FD1F /* LaunchScreen.storyboard in Resources */,
				5E4F05871CC4BB250004FD1F /* Assets.xcassets in Resources */,
				5EF886241CC4C13900AB03ED /* Sounds in Resources */,
				5E4F05851CC4BB250004FD1F /* Main.storyboard in Resources */,
			);
			runOnlyForDeploymentPostprocessing = 0;
		};
/* End PBXResourcesBuildPhase section */

/* Begin PBXSourcesBuildPhase section */
		5E4F05741CC4BB250004FD1F /* Sources */ = {
			isa = PBXSourcesBuildPhase;
			buildActionMask = 2147483647;
			files = (
				5E4F05801CC4BB250004FD1F /* GameScene.swift in Sources */,
				5E4F05821CC4BB250004FD1F /* GameViewController.swift in Sources */,
				5E4F057C1CC4BB250004FD1F /* AppDelegate.swift in Sources */,
			);
			runOnlyForDeploymentPostprocessing = 0;
		};
/* End PBXSourcesBuildPhase section */

/* Begin PBXVariantGroup section */
		5E4F05831CC4BB250004FD1F /* Main.storyboard */ = {
			isa = PBXVariantGroup;
			children = (
				5E4F05841CC4BB250004FD1F /* Base */,
			);
			name = Main.storyboard;
			sourceTree = "<group>";
		};
		5E4F05881CC4BB250004FD1F /* LaunchScreen.storyboard */ = {
			isa = PBXVariantGroup;
			children = (
				5E4F05891CC4BB250004FD1F /* Base */,
			);
			name = LaunchScreen.storyboard;
			sourceTree = "<group>";
		};
/* End PBXVariantGroup section */

/* Begin XCBuildConfiguration section */
		5E4F058C1CC4BB250004FD1F /* Debug */ = {
			isa = XCBuildConfiguration;
			buildSettings = {
				ALWAYS_SEARCH_USER_PATHS = NO;
				CLANG_ANALYZER_NONNULL = YES;
				CLANG_CXX_LANGUAGE_STANDARD = "gnu++0x";
				CLANG_CXX_LIBRARY = "libc++";
				CLANG_ENABLE_MODULES = YES;
				CLANG_ENABLE_OBJC_ARC = YES;
				CLANG_WARN_BOOL_CONVERSION = YES;
				CLANG_WARN_CONSTANT_CONVERSION = YES;
				CLANG_WARN_DIRECT_OBJC_ISA_USAGE = YES_ERROR;
				CLANG_WARN_EMPTY_BODY = YES;
				CLANG_WARN_ENUM_CONVERSION = YES;
				CLANG_WARN_INT_CONVERSION = YES;
				CLANG_WARN_OBJC_ROOT_CLASS = YES_ERROR;
				CLANG_WARN_UNREACHABLE_CODE = YES;
				CLANG_WARN__DUPLICATE_METHOD_MATCH = YES;
				"CODE_SIGN_IDENTITY[sdk=iphoneos*]" = "iPhone Developer";
				COPY_PHASE_STRIP = NO;
				DEBUG_INFORMATION_FORMAT = "dwarf-with-dsym";
				ENABLE_STRICT_OBJC_MSGSEND = YES;
				ENABLE_TESTABILITY = YES;
				GCC_C_LANGUAGE_STANDARD = gnu99;
				GCC_DYNAMIC_NO_PIC = NO;
				GCC_NO_COMMON_BLOCKS = YES;
				GCC_OPTIMIZATION_LEVEL = 0;
				GCC_PREPROCESSOR_DEFINITIONS = (
					"DEBUG=1",
					"$(inherited)",
				);
				GCC_WARN_64_TO_32_BIT_CONVERSION = YES;
				GCC_WARN_ABOUT_RETURN_TYPE = YES_ERROR;
				GCC_WARN_UNDECLARED_SELECTOR = YES;
				GCC_WARN_UNINITIALIZED_AUTOS = YES_AGGRESSIVE;
				GCC_WARN_UNUSED_FUNCTION = YES;
				GCC_WARN_UNUSED_VARIABLE = YES;
				IPHONEOS_DEPLOYMENT_TARGET = 9.3;
				MTL_ENABLE_DEBUG_INFO = YES;
				ONLY_ACTIVE_ARCH = YES;
				SDKROOT = iphoneos;
				SWIFT_OPTIMIZATION_LEVEL = "-Onone";
				TARGETED_DEVICE_FAMILY = "1,2";
			};
			name = Debug;
		};
		5E4F058D1CC4BB250004FD1F /* Release */ = {
			isa = XCBuildConfiguration;
			buildSettings = {
				ALWAYS_SEARCH_USER_PATHS = NO;
				CLANG_ANALYZER_NONNULL = YES;
				CLANG_CXX_LANGUAGE_STANDARD = "gnu++0x";
				CLANG_CXX_LIBRARY = "libc++";
				CLANG_ENABLE_MODULES = YES;
				CLANG_ENABLE_OBJC_ARC = YES;
				CLANG_WARN_BOOL_CONVERSION = YES;
				CLANG_WARN_CONSTANT_CONVERSION = YES;
				CLANG_WARN_DIRECT_OBJC_ISA_USAGE = YES_ERROR;
				CLANG_WARN_EMPTY_BODY = YES;
				CLANG_WARN_ENUM_CONVERSION = YES;
				CLANG_WARN_INT_CONVERSION = YES;
				CLANG_WARN_OBJC_ROOT_CLASS = YES_ERROR;
				CLANG_WARN_UNREACHABLE_CODE = YES;
				CLANG_WARN__DUPLICATE_METHOD_MATCH = YES;
				"CODE_SIGN_IDENTITY[sdk=iphoneos*]" = "iPhone Developer";
				COPY_PHASE_STRIP = NO;
				DEBUG_INFORMATION_FORMAT = "dwarf-with-dsym";
				ENABLE_NS_ASSERTIONS = NO;
				ENABLE_STRICT_OBJC_MSGSEND = YES;
				GCC_C_LANGUAGE_STANDARD = gnu99;
				GCC_NO_COMMON_BLOCKS = YES;
				GCC_WARN_64_TO_32_BIT_CONVERSION = YES;
				GCC_WARN_ABOUT_RETURN_TYPE = YES_ERROR;
				GCC_WARN_UNDECLARED_SELECTOR = YES;
				GCC_WARN_UNINITIALIZED_AUTOS = YES_AGGRESSIVE;
				GCC_WARN_UNUSED_FUNCTION = YES;
				GCC_WARN_UNUSED_VARIABLE = YES;
				IPHONEOS_DEPLOYMENT_TARGET = 9.3;
				MTL_ENABLE_DEBUG_INFO = NO;
				SDKROOT = iphoneos;
				TARGETED_DEVICE_FAMILY = "1,2";
				VALIDATE_PRODUCT = YES;
			};
			name = Release;
		};
		5E4F058F1CC4BB250004FD1F /* Debug */ = {
			isa = XCBuildConfiguration;
			buildSettings = {
				ASSETCATALOG_COMPILER_APPICON_NAME = AppIcon;
				INFOPLIST_FILE = SpriteKitgameSimpleSven/Info.plist;
				LD_RUNPATH_SEARCH_PATHS = "$(inherited) @executable_path/Frameworks";
				PRODUCT_BUNDLE_IDENTIFIER = SveHe.SpriteKitgameSimpleSven;
				PRODUCT_NAME = "$(TARGET_NAME)";
			};
			name = Debug;
		};
		5E4F05901CC4BB250004FD1F /* Release */ = {
			isa = XCBuildConfiguration;
			buildSettings = {
				ASSETCATALOG_COMPILER_APPICON_NAME = AppIcon;
				INFOPLIST_FILE = SpriteKitgameSimpleSven/Info.plist;
				LD_RUNPATH_SEARCH_PATHS = "$(inherited) @executable_path/Frameworks";
				PRODUCT_BUNDLE_IDENTIFIER = SveHe.SpriteKitgameSimpleSven;
				PRODUCT_NAME = "$(TARGET_NAME)";
			};
			name = Release;
		};
/* End XCBuildConfiguration section */

/* Begin XCConfigurationList section */
		5E4F05731CC4BB250004FD1F /* Build configuration list for PBXProject "SpriteKitgameSimpleSven" */ = {
			isa = XCConfigurationList;
			buildConfigurations = (
				5E4F058C1CC4BB250004FD1F /* Debug */,
				5E4F058D1CC4BB250004FD1F /* Release */,
			);
			defaultConfigurationIsVisible = 0;
			defaultConfigurationName = Release;
		};
		5E4F058E1CC4BB250004FD1F /* Build configuration list for PBXNativeTarget "SpriteKitgameSimpleSven" */ = {
			isa = XCConfigurationList;
			buildConfigurations = (
				5E4F058F1CC4BB250004FD1F /* Debug */,
				5E4F05901CC4BB250004FD1F /* Release */,
			);
			defaultConfigurationIsVisible = 0;
			defaultConfigurationName = Release;
		};
/* End XCConfigurationList section */
	};
	rootObject = 5E4F05701CC4BB250004FD1F /* Project object */;
}
